
Microsoft Visual Studio Solution File, Format Version 12.00
# Visual Studio Version 17
VisualStudioVersion = 17.13.35931.197 d17.13
MinimumVisualStudioVersion = 10.0.40219.1
Project("{FAE04EC0-301F-11D3-BF4B-00C04F79EFBC}") = "MyRecipeApp", "MyRecipeApp\MyRecipeApp.csproj", "{D1FB9E96-7CBB-4F85-900F-25C1777B7B9F}"
EndProject
Global
	GlobalSection(SolutionConfigurationPlatforms) = preSolution
		Debug|Any CPU = Debug|Any CPU
		Release|Any CPU = Release|Any CPU
	EndGlobalSection
	GlobalSection(ProjectConfigurationPlatforms) = postSolution
		{D1FB9E96-7CBB-4F85-900F-25C1777B7B9F}.Debug|Any CPU.ActiveCfg = Debug|Any CPU
		{D1FB9E96-7CBB-4F85-900F-25C1777B7B9F}.Debug|Any CPU.Build.0 = Debug|Any CPU
		{D1FB9E96-7CBB-4F85-900F-25C1777B7B9F}.Release|Any CPU.ActiveCfg = Release|Any CPU
		{D1FB9E96-7CBB-4F85-900F-25C1777B7B9F}.Release|Any CPU.Build.0 = Release|Any CPU
	EndGlobalSection
	GlobalSection(SolutionProperties) = preSolution
		HideSolutionNode = FALSE
	EndGlobalSection
	GlobalSection(ExtensibilityGlobals) = postSolution
		SolutionGuid = {72F0869A-72FF-4250-8A85-974EC5E1249F}
	EndGlobalSection
EndGlobal
